
Microsoft Visual Studio Solution File, Format Version 12.00
# Visual Studio Version 17
VisualStudioVersion = 17.3.32929.385
MinimumVisualStudioVersion = 10.0.40219.1
Project("{FAE04EC0-301F-11D3-BF4B-00C04F79EFBC}") = "Satisfactory.Calculator", "Satisfactory.Calculator\Satisfactory.Calculator.csproj", "{22DB4A17-C938-4AE3-8DA4-E770255337EC}"
EndProject
Global
	GlobalSection(SolutionConfigurationPlatforms) = preSolution
		Debug|Any CPU = Debug|Any CPU
		Release|Any CPU = Release|Any CPU
	EndGlobalSection
	GlobalSection(ProjectConfigurationPlatforms) = postSolution
		{22DB4A17-C938-4AE3-8DA4-E770255337EC}.Debug|Any CPU.ActiveCfg = Debug|Any CPU
		{22DB4A17-C938-4AE3-8DA4-E770255337EC}.Debug|Any CPU.Build.0 = Debug|Any CPU
		{22DB4A17-C938-4AE3-8DA4-E770255337EC}.Release|Any CPU.ActiveCfg = Release|Any CPU
		{22DB4A17-C938-4AE3-8DA4-E770255337EC}.Release|Any CPU.Build.0 = Release|Any CPU
	EndGlobalSection
	GlobalSection(SolutionProperties) = preSolution
		HideSolutionNode = FALSE
	EndGlobalSection
	GlobalSection(ExtensibilityGlobals) = postSolution
		SolutionGuid = {F2C6AA45-1925-4508-95E7-8E04B936826A}
	EndGlobalSection
EndGlobal
